
Microsoft Visual Studio Solution File, Format Version 12.00
# Visual Studio Version 17
VisualStudioVersion = 17.1.32210.238
MinimumVisualStudioVersion = 10.0.40219.1
Project("{FAE04EC0-301F-11D3-BF4B-00C04F79EFBC}") = "DataStructuresAndAlgorithms2", "DataStructuresAndAlgorithms2\DataStructuresAndAlgorithms2.csproj", "{A1C179F9-60C8-48B0-BECB-5984E78CE5DE}"
EndProject
Global
	GlobalSection(SolutionConfigurationPlatforms) = preSolution
		Debug|Any CPU = Debug|Any CPU
		Release|Any CPU = Release|Any CPU
	EndGlobalSection
	GlobalSection(ProjectConfigurationPlatforms) = postSolution
		{A1C179F9-60C8-48B0-BECB-5984E78CE5DE}.Debug|Any CPU.ActiveCfg = Debug|Any CPU
		{A1C179F9-60C8-48B0-BECB-5984E78CE5DE}.Debug|Any CPU.Build.0 = Debug|Any CPU
		{A1C179F9-60C8-48B0-BECB-5984E78CE5DE}.Release|Any CPU.ActiveCfg = Release|Any CPU
		{A1C179F9-60C8-48B0-BECB-5984E78CE5DE}.Release|Any CPU.Build.0 = Release|Any CPU
	EndGlobalSection
	GlobalSection(SolutionProperties) = preSolution
		HideSolutionNode = FALSE
	EndGlobalSection
	GlobalSection(ExtensibilityGlobals) = postSolution
		SolutionGuid = {91E5BDDD-27FD-4E92-B45A-35908D992670}
	EndGlobalSection
EndGlobal
